
Microsoft Visual Studio Solution File, Format Version 12.00
# Visual Studio Version 16
VisualStudioVersion = 16.0.30523.141
MinimumVisualStudioVersion = 10.0.40219.1
Project("{FAE04EC0-301F-11D3-BF4B-00C04F79EFBC}") = "VragenLijstJson", "VragenLijstJson\VragenLijstJson.csproj", "{45077A31-2B04-4C54-A3AB-CA4AFBEC6892}"
EndProject
Global
	GlobalSection(SolutionConfigurationPlatforms) = preSolution
		Debug|Any CPU = Debug|Any CPU
		Release|Any CPU = Release|Any CPU
	EndGlobalSection
	GlobalSection(ProjectConfigurationPlatforms) = postSolution
		{45077A31-2B04-4C54-A3AB-CA4AFBEC6892}.Debug|Any CPU.ActiveCfg = Debug|Any CPU
		{45077A31-2B04-4C54-A3AB-CA4AFBEC6892}.Debug|Any CPU.Build.0 = Debug|Any CPU
		{45077A31-2B04-4C54-A3AB-CA4AFBEC6892}.Release|Any CPU.ActiveCfg = Release|Any CPU
		{45077A31-2B04-4C54-A3AB-CA4AFBEC6892}.Release|Any CPU.Build.0 = Release|Any CPU
	EndGlobalSection
	GlobalSection(SolutionProperties) = preSolution
		HideSolutionNode = FALSE
	EndGlobalSection
	GlobalSection(ExtensibilityGlobals) = postSolution
		SolutionGuid = {14974F92-49E9-405C-B8C3-15330D2C2A33}
	EndGlobalSection
EndGlobal
